
Microsoft Visual Studio Solution File, Format Version 12.00
# Visual Studio Version 17
VisualStudioVersion = 17.6.33815.320
MinimumVisualStudioVersion = 10.0.40219.1
Project("{8BC9CEB8-8B4A-11D0-8D11-00A0C91BC942}") = "WinAPI", "WinAPI\WinAPI.vcxproj", "{EA75CAAE-2906-415C-B535-F2620174C599}"
EndProject
Project("{8BC9CEB8-8B4A-11D0-8D11-00A0C91BC942}") = "ComboBox", "ComboBox\ComboBox.vcxproj", "{9EC6EE35-F7A5-439E-923B-E321F95615A1}"
EndProject
Project("{8BC9CEB8-8B4A-11D0-8D11-00A0C91BC942}") = "ListBox2", "ListBox2\ListBox2.vcxproj", "{9D2D9B04-AA49-4A33-BD3D-A93B9EE58956}"
EndProject
Project("{8BC9CEB8-8B4A-11D0-8D11-00A0C91BC942}") = "WinAPI_class", "WinAPI_class\WinAPI_class.vcxproj", "{48903C8D-1DEF-4E06-A709-92EDAC9D1FBB}"
EndProject
Project("{8BC9CEB8-8B4A-11D0-8D11-00A0C91BC942}") = "ListBox_class", "ListBox_class\ListBox_class.vcxproj", "{066DD8A9-420A-42CE-8013-6F95935702BB}"
EndProject
Global
	GlobalSection(SolutionConfigurationPlatforms) = preSolution
		Debug|x64 = Debug|x64
		Debug|x86 = Debug|x86
		Release|x64 = Release|x64
		Release|x86 = Release|x86
	EndGlobalSection
	GlobalSection(ProjectConfigurationPlatforms) = postSolution
		{EA75CAAE-2906-415C-B535-F2620174C599}.Debug|x64.ActiveCfg = Debug|x64
		{EA75CAAE-2906-415C-B535-F2620174C599}.Debug|x64.Build.0 = Debug|x64
		{EA75CAAE-2906-415C-B535-F2620174C599}.Debug|x86.ActiveCfg = Debug|Win32
		{EA75CAAE-2906-415C-B535-F2620174C599}.Debug|x86.Build.0 = Debug|Win32
		{EA75CAAE-2906-415C-B535-F2620174C599}.Release|x64.ActiveCfg = Release|x64
		{EA75CAAE-2906-415C-B535-F2620174C599}.Release|x64.Build.0 = Release|x64
		{EA75CAAE-2906-415C-B535-F2620174C599}.Release|x86.ActiveCfg = Release|Win32
		{EA75CAAE-2906-415C-B535-F2620174C599}.Release|x86.Build.0 = Release|Win32
		{9EC6EE35-F7A5-439E-923B-E321F95615A1}.Debug|x64.ActiveCfg = Debug|x64
		{9EC6EE35-F7A5-439E-923B-E321F95615A1}.Debug|x64.Build.0 = Debug|x64
		{9EC6EE35-F7A5-439E-923B-E321F95615A1}.Debug|x86.ActiveCfg = Debug|Win32
		{9EC6EE35-F7A5-439E-923B-E321F95615A1}.Debug|x86.Build.0 = Debug|Win32
		{9EC6EE35-F7A5-439E-923B-E321F95615A1}.Release|x64.ActiveCfg = Release|x64
		{9EC6EE35-F7A5-439E-923B-E321F95615A1}.Release|x64.Build.0 = Release|x64
		{9EC6EE35-F7A5-439E-923B-E321F95615A1}.Release|x86.ActiveCfg = Release|Win32
		{9EC6EE35-F7A5-439E-923B-E321F95615A1}.Release|x86.Build.0 = Release|Win32
		{9D2D9B04-AA49-4A33-BD3D-A93B9EE58956}.Debug|x64.ActiveCfg = Debug|x64
		{9D2D9B04-AA49-4A33-BD3D-A93B9EE58956}.Debug|x64.Build.0 = Debug|x64
		{9D2D9B04-AA49-4A33-BD3D-A93B9EE58956}.Debug|x86.ActiveCfg = Debug|Win32
		{9D2D9B04-AA49-4A33-BD3D-A93B9EE58956}.Debug|x86.Build.0 = Debug|Win32
		{9D2D9B04-AA49-4A33-BD3D-A93B9EE58956}.Release|x64.ActiveCfg = Release|x64
		{9D2D9B04-AA49-4A33-BD3D-A93B9EE58956}.Release|x64.Build.0 = Release|x64
		{9D2D9B04-AA49-4A33-BD3D-A93B9EE58956}.Release|x86.ActiveCfg = Release|Win32
		{9D2D9B04-AA49-4A33-BD3D-A93B9EE58956}.Release|x86.Build.0 = Release|Win32
		{48903C8D-1DEF-4E06-A709-92EDAC9D1FBB}.Debug|x64.ActiveCfg = Debug|x64
		{48903C8D-1DEF-4E06-A709-92EDAC9D1FBB}.Debug|x64.Build.0 = Debug|x64
		{48903C8D-1DEF-4E06-A709-92EDAC9D1FBB}.Debug|x86.ActiveCfg = Debug|Win32
		{48903C8D-1DEF-4E06-A709-92EDAC9D1FBB}.Debug|x86.Build.0 = Debug|Win32
		{48903C8D-1DEF-4E06-A709-92EDAC9D1FBB}.Release|x64.ActiveCfg = Release|x64
		{48903C8D-1DEF-4E06-A709-92EDAC9D1FBB}.Release|x64.Build.0 = Release|x64
		{48903C8D-1DEF-4E06-A709-92EDAC9D1FBB}.Release|x86.ActiveCfg = Release|Win32
		{48903C8D-1DEF-4E06-A709-92EDAC9D1FBB}.Release|x86.Build.0 = Release|Win32
		{066DD8A9-420A-42CE-8013-6F95935702BB}.Debug|x64.ActiveCfg = Debug|x64
		{066DD8A9-420A-42CE-8013-6F95935702BB}.Debug|x64.Build.0 = Debug|x64
		{066DD8A9-420A-42CE-8013-6F95935702BB}.Debug|x86.ActiveCfg = Debug|Win32
		{066DD8A9-420A-42CE-8013-6F95935702BB}.Debug|x86.Build.0 = Debug|Win32
		{066DD8A9-420A-42CE-8013-6F95935702BB}.Release|x64.ActiveCfg = Release|x64
		{066DD8A9-420A-42CE-8013-6F95935702BB}.Release|x64.Build.0 = Release|x64
		{066DD8A9-420A-42CE-8013-6F95935702BB}.Release|x86.ActiveCfg = Release|Win32
		{066DD8A9-420A-42CE-8013-6F95935702BB}.Release|x86.Build.0 = Release|Win32
	EndGlobalSection
	GlobalSection(SolutionProperties) = preSolution
		HideSolutionNode = FALSE
	EndGlobalSection
	GlobalSection(ExtensibilityGlobals) = postSolution
		SolutionGuid = {CCF83ED0-D867-4B53-9765-39986E2F1ABB}
	EndGlobalSection
EndGlobal
